<Solution>
  <Folder Name="/1. presentaciones/">
    <Project Path="Zoologicos_libreria_Presentacion/Zoologicos_libreria_Presentacion.csproj" Id="08af8d9f-2519-49e5-8b34-494c55b8bb10" />
    <Project Path="Zoologicos_Presentacion/Zoologicos_presentacion.csproj" Id="96e3fb54-cf69-4284-a27a-44dcf4b61a83" />
  </Folder>
  <Folder Name="/2. servicios/">
    <Project Path="lib_reglas de negocio/Zoologicos_libreria.csproj" />
    <Project Path="Zoologicos_servicios/Zoologicos_servicios.csproj" Id="bb114eb9-7446-41ce-a28c-322c52ba6c8d" />
  </Folder>
  <Folder Name="/3. pruebas unitarias/">
    <Project Path="Zoologicos_Pruebas/Zoologicos_Pruebas.csproj" Id="e39f9362-49b9-4737-b4c2-1e4255898260" />
  </Folder>
  <Folder Name="/Elementos de la solucion/">
    <File Path=".gitignore" />
    <File Path="README.md" />
    <File Path="TextFile1.txt" />
  </Folder>
</Solution>
